{
  "name": "ddex-suite",
  "lockfileVersion": 3,
  "requires": true,
  "packages": {
    "": {
      "name": "ddex-suite",
      "workspaces": [
        "packages/*"
      ],
      "dependencies": {
        "ddex-builder": "^0.2.5",
        "ddex-parser": "^0.2.5"
      }
    },
    "node_modules/ddex-builder": {
      "version": "0.2.5",
      "resolved": "https://registry.npmjs.org/ddex-builder/-/ddex-builder-0.2.5.tgz",
      "integrity": "sha512-SFIrNwhY7BG46J1k4YUMeWuM9lmtJnApZGe5G+/5VBfPbMnCAuftTmZ+M/mwdUFyzAdiD/zJDH57jSKBoE1+EQ==",
      "license": "MIT",
      "engines": {
        "node": ">=14.0.0"
      },
      "optionalDependencies": {
        "ddex-builder-android-arm-eabi": "0.2.5",
        "ddex-builder-android-arm64": "0.2.5",
        "ddex-builder-darwin-arm64": "0.2.5",
        "ddex-builder-darwin-x64": "0.2.5",
        "ddex-builder-linux-arm-gnueabihf": "0.2.5",
        "ddex-builder-linux-arm64-gnu": "0.2.5",
        "ddex-builder-linux-x64-gnu": "0.2.5",
        "ddex-builder-linux-x64-musl": "0.2.5",
        "ddex-builder-win32-x64-msvc": "0.2.5"
      }
    },
    "node_modules/ddex-builder/node_modules/ddex-builder-android-arm-eabi": {
      "optional": true
    },
    "node_modules/ddex-builder/node_modules/ddex-builder-android-arm64": {
      "optional": true
    },
    "node_modules/ddex-builder/node_modules/ddex-builder-darwin-arm64": {
      "optional": true
    },
    "node_modules/ddex-builder/node_modules/ddex-builder-darwin-x64": {
      "optional": true
    },
    "node_modules/ddex-builder/node_modules/ddex-builder-linux-arm-gnueabihf": {
      "optional": true
    },
    "node_modules/ddex-builder/node_modules/ddex-builder-linux-arm64-gnu": {
      "optional": true
    },
    "node_modules/ddex-builder/node_modules/ddex-builder-linux-x64-gnu": {
      "optional": true
    },
    "node_modules/ddex-builder/node_modules/ddex-builder-linux-x64-musl": {
      "optional": true
    },
    "node_modules/ddex-builder/node_modules/ddex-builder-win32-x64-msvc": {
      "optional": true
    },
    "node_modules/ddex-parser": {
      "version": "0.2.5",
      "resolved": "https://registry.npmjs.org/ddex-parser/-/ddex-parser-0.2.5.tgz",
      "integrity": "sha512-rXK2ZDjWtHP1WyCzMz60jnHAwskT87X6OxhL9C3V72n1xH7o8tOfCYzGhSedLe17UsxwHV6ruH3iNuuL82T+2g==",
      "license": "MIT",
      "engines": {
        "node": ">=18.0.0"
      }
    }
  }
}
